{
  "name": "prompt-viewer",
  "version": "1.0.7",
  "lockfileVersion": 3,
  "requires": true,
  "packages": {
    "": {
      "name": "prompt-viewer",
      "version": "1.0.7",
      "devDependencies": {
        "lumiverse-spindle-types": "^0.5.7",
        "typescript": "5.4"
      }
    },
    "node_modules/lumiverse-spindle-types": {
      "version": "0.5.31",
      "resolved": "https://registry.npmjs.org/lumiverse-spindle-types/-/lumiverse-spindle-types-0.5.31.tgz",
      "integrity": "sha512-Vu4ppfIskGKiK9BGqEPaBMqqdpSFCXgWDq6cgBExWV0Edb+90rD9/5iWuZ2Zi/zoqPwZKgfr62onhmjEjR7odQ==",
      "dev": true,
      "license": "SEE LICENSE IN LICENSE.md"
    },
    "node_modules/typescript": {
      "version": "5.4.5",
      "resolved": "https://registry.npmjs.org/typescript/-/typescript-5.4.5.tgz",
      "integrity": "sha512-vcI4UpRgg81oIRUFwR0WSIHKt11nJ7SAVlYNIu+QpqeyXP+gpQJy/Z4+F0aGxSE4MqwjyXvW/TzgkLAx2AGHwQ==",
      "dev": true,
      "license": "Apache-2.0",
      "bin": {
        "tsc": "bin/tsc",
        "tsserver": "bin/tsserver"
      },
      "engines": {
        "node": ">=14.17"
      }
    }
  }
}
